
Microsoft Visual Studio Solution File, Format Version 12.00
# Visual Studio Version 16
VisualStudioVersion = 16.0.31205.134
MinimumVisualStudioVersion = 10.0.40219.1
Project("{9A19103F-16F7-4668-BE54-9A1E7A4F7556}") = "PBKDF2.Key", "PBKDF2.Key.Core5.0\PBKDF2.Key.csproj", "{12E99AE6-5961-4B29-9933-D9DE03E7A1FE}"
EndProject
Global
	GlobalSection(SolutionConfigurationPlatforms) = preSolution
		Debug|Any CPU = Debug|Any CPU
		Release|Any CPU = Release|Any CPU
	EndGlobalSection
	GlobalSection(ProjectConfigurationPlatforms) = postSolution
		{12E99AE6-5961-4B29-9933-D9DE03E7A1FE}.Debug|Any CPU.ActiveCfg = Debug|Any CPU
		{12E99AE6-5961-4B29-9933-D9DE03E7A1FE}.Debug|Any CPU.Build.0 = Debug|Any CPU
		{12E99AE6-5961-4B29-9933-D9DE03E7A1FE}.Release|Any CPU.ActiveCfg = Release|Any CPU
		{12E99AE6-5961-4B29-9933-D9DE03E7A1FE}.Release|Any CPU.Build.0 = Release|Any CPU
	EndGlobalSection
	GlobalSection(SolutionProperties) = preSolution
		HideSolutionNode = FALSE
	EndGlobalSection
	GlobalSection(ExtensibilityGlobals) = postSolution
		SolutionGuid = {1C007F16-A776-4406-B922-00CFBDFC6939}
	EndGlobalSection
EndGlobal
